lockfileVersion: '9.0'

settings:
  autoInstallPeers: true
  excludeLinksFromLockfile: false

importers:

  .:
    dependencies:
      '@wagmi/core':
        specifier: ^2.6.19
        version: 2.6.19(react@18.3.0)(typescript@5.4.5)(viem@2.9.27(typescript@5.4.5))
      viem:
        specifier: ^2.9.27
        version: 2.9.27(typescript@5.4.5)
    devDependencies:
      typescript:
        specifier: ^5.4.5
        version: 5.4.5

packages:

  '@adraffy/ens-normalize@1.10.0':
    resolution: {integrity: sha512-nA9XHtlAkYfJxY7bce8DcN7eKxWWCWkU+1GR9d+U6MbNpfwQp8TI7vqOsBsMcHoT4mBu2kypKoSKnghEzOOq5Q==}

  '@noble/curves@1.2.0':
    resolution: {integrity: sha512-oYclrNgRaM9SsBUBVbb8M6DTV7ZHRTKugureoYEncY5c65HOmRzvSiTE3y5CYaPYJA/GVkrhXEoF0M3Ya9PMnw==}

  '@noble/hashes@1.3.2':
    resolution: {integrity: sha512-MVC8EAQp7MvEcm30KWENFjgR+Mkmf+D189XJTkFIlwohU5hcBbn1ZkKq7KVTi2Hme3PMGF390DaL52beVrIihQ==}
    engines: {node: '>= 16'}

  '@scure/base@1.1.6':
    resolution: {integrity: sha512-ok9AWwhcgYuGG3Zfhyqg+zwl+Wn5uE+dwC0NV/2qQkx4dABbb/bx96vWu8NSj+BNjjSjno+JRYRjle1jV08k3g==}

  '@scure/bip32@1.3.2':
    resolution: {integrity: sha512-N1ZhksgwD3OBlwTv3R6KFEcPojl/W4ElJOeCZdi+vuI5QmTFwLq3OFf2zd2ROpKvxFdgZ6hUpb0dx9bVNEwYCA==}

  '@scure/bip39@1.2.1':
    resolution: {integrity: sha512-Z3/Fsz1yr904dduJD0NpiyRHhRYHdcnyh73FZWiV+/qhWi83wNJ3NWolYqCEN+ZWsUz2TWwajJggcRE9r1zUYg==}

  '@wagmi/core@2.6.19':
    resolution: {integrity: sha512-gvTERclvldk8KZWQNlL/q1tYOAHspQZCSPoSbXh5+vnySIT7maxz6FS+gPtFuk/JsrgMCnZ5B+UtvSVXGAp0pQ==}
    peerDependencies:
      '@tanstack/query-core': '>=5.0.0'
      typescript: '>=5.0.4'
      viem: 2.x
    peerDependenciesMeta:
      '@tanstack/query-core':
        optional: true
      typescript:
        optional: true

  abitype@0.9.8:
    resolution: {integrity: sha512-puLifILdm+8sjyss4S+fsUN09obiT1g2YW6CtcQF+QDzxR0euzgEB29MZujC6zMk2a6SVmtttq1fc6+YFA7WYQ==}
    peerDependencies:
      typescript: '>=5.0.4'
      zod: ^3 >=3.19.1
    peerDependenciesMeta:
      typescript:
        optional: true
      zod:
        optional: true

  abitype@1.0.0:
    resolution: {integrity: sha512-NMeMah//6bJ56H5XRj8QCV4AwuW6hB6zqz2LnhhLdcWVQOsXki6/Pn3APeqxCma62nXIcmZWdu1DlHWS74umVQ==}
    peerDependencies:
      typescript: '>=5.0.4'
      zod: ^3 >=3.22.0
    peerDependenciesMeta:
      typescript:
        optional: true
      zod:
        optional: true

  eventemitter3@5.0.1:
    resolution: {integrity: sha512-GWkBvjiSZK87ELrYOSESUYeVIc9mvLLf/nXalMOS5dYrgZq9o5OVkbZAVM06CVxYsCwH9BDZFPlQTlPA1j4ahA==}

  isows@1.0.3:
    resolution: {integrity: sha512-2cKei4vlmg2cxEjm3wVSqn8pcoRF/LX/wpifuuNquFO4SQmPwarClT+SUCA2lt+l581tTeZIPIZuIDo2jWN1fg==}
    peerDependencies:
      ws: '*'

  js-tokens@4.0.0:
    resolution: {integrity: sha512-RdJUflcE3cUzKiMqQgsCu06FPu9UdIJO0beYbPhHN4k6apgJtifcoCtT9bcxOpYBtpD2kCM6Sbzg4CausW/PKQ==}

  loose-envify@1.4.0:
    resolution: {integrity: sha512-lyuxPGr/Wfhrlem2CL/UcnUc1zcqKAImBDzukY7Y5F/yQiNdko6+fRLevlw1HgMySw7f611UIY408EtxRSoK3Q==}
    hasBin: true

  mipd@0.0.5:
    resolution: {integrity: sha512-gbKA784D2WKb5H/GtqEv+Ofd1S9Zj+Z/PGDIl1u1QAbswkxD28BQ5bSXQxkeBzPBABg1iDSbiwGG1XqlOxRspA==}
    peerDependencies:
      typescript: '>=5.0.4'
    peerDependenciesMeta:
      typescript:
        optional: true

  react@18.3.0:
    resolution: {integrity: sha512-RPutkJftSAldDibyrjuku7q11d3oy6wKOyPe5K1HA/HwwrXcEqBdHsLypkC2FFYjP7bPUa6gbzSBhw4sY2JcDg==}
    engines: {node: '>=0.10.0'}

  typescript@5.4.5:
    resolution: {integrity: sha512-vcI4UpRgg81oIRUFwR0WSIHKt11nJ7SAVlYNIu+QpqeyXP+gpQJy/Z4+F0aGxSE4MqwjyXvW/TzgkLAx2AGHwQ==}
    engines: {node: '>=14.17'}
    hasBin: true

  use-sync-external-store@1.2.0:
    resolution: {integrity: sha512-eEgnFxGQ1Ife9bzYs6VLi8/4X6CObHMw9Qr9tPY43iKwsPw8xE8+EFsf/2cFZ5S3esXgpWgtSCtLNS41F+sKPA==}
    peerDependencies:
      react: ^16.8.0 || ^17.0.0 || ^18.0.0

  viem@1.21.4:
    resolution: {integrity: sha512-BNVYdSaUjeS2zKQgPs+49e5JKocfo60Ib2yiXOWBT6LuVxY1I/6fFX3waEtpXvL1Xn4qu+BVitVtMh9lyThyhQ==}
    peerDependencies:
      typescript: '>=5.0.4'
    peerDependenciesMeta:
      typescript:
        optional: true

  viem@2.9.27:
    resolution: {integrity: sha512-C+5tispAKzUywf+G5fxNVxThtKrNtvDRvvF34hC10LeSsrd5l4tlKpf0B4xYVcpL0YYZd+YEordLzlWToPjUnQ==}
    peerDependencies:
      typescript: '>=5.0.4'
    peerDependenciesMeta:
      typescript:
        optional: true

  ws@8.13.0:
    resolution: {integrity: sha512-x9vcZYTrFPC7aSIbj7sRCYo7L/Xb8Iy+pW0ng0wt2vCJv7M9HOMy0UoN3rr+IFC7hb7vXoqS+P9ktyLLLhO+LA==}
    engines: {node: '>=10.0.0'}
    peerDependencies:
      bufferutil: ^4.0.1
      utf-8-validate: '>=5.0.2'
    peerDependenciesMeta:
      bufferutil:
        optional: true
      utf-8-validate:
        optional: true

  zustand@4.4.1:
    resolution: {integrity: sha512-QCPfstAS4EBiTQzlaGP1gmorkh/UL1Leaj2tdj+zZCZ/9bm0WS7sI2wnfD5lpOszFqWJ1DcPnGoY8RDL61uokw==}
    engines: {node: '>=12.7.0'}
    peerDependencies:
      '@types/react': '>=16.8'
      immer: '>=9.0'
      react: '>=16.8'
    peerDependenciesMeta:
      '@types/react':
        optional: true
      immer:
        optional: true
      react:
        optional: true

snapshots:

  '@adraffy/ens-normalize@1.10.0': {}

  '@noble/curves@1.2.0':
    dependencies:
      '@noble/hashes': 1.3.2

  '@noble/hashes@1.3.2': {}

  '@scure/base@1.1.6': {}

  '@scure/bip32@1.3.2':
    dependencies:
      '@noble/curves': 1.2.0
      '@noble/hashes': 1.3.2
      '@scure/base': 1.1.6

  '@scure/bip39@1.2.1':
    dependencies:
      '@noble/hashes': 1.3.2
      '@scure/base': 1.1.6

  '@wagmi/core@2.6.19(react@18.3.0)(typescript@5.4.5)(viem@2.9.27(typescript@5.4.5))':
    dependencies:
      eventemitter3: 5.0.1
      mipd: 0.0.5(typescript@5.4.5)
      viem: 2.9.27(typescript@5.4.5)
      zustand: 4.4.1(react@18.3.0)
    optionalDependencies:
      typescript: 5.4.5
    transitivePeerDependencies:
      - '@types/react'
      - bufferutil
      - immer
      - react
      - utf-8-validate
      - zod

  abitype@0.9.8(typescript@5.4.5):
    optionalDependencies:
      typescript: 5.4.5

  abitype@1.0.0(typescript@5.4.5):
    optionalDependencies:
      typescript: 5.4.5

  eventemitter3@5.0.1: {}

  isows@1.0.3(ws@8.13.0):
    dependencies:
      ws: 8.13.0

  js-tokens@4.0.0: {}

  loose-envify@1.4.0:
    dependencies:
      js-tokens: 4.0.0

  mipd@0.0.5(typescript@5.4.5):
    dependencies:
      viem: 1.21.4(typescript@5.4.5)
    optionalDependencies:
      typescript: 5.4.5
    transitivePeerDependencies:
      - bufferutil
      - utf-8-validate
      - zod

  react@18.3.0:
    dependencies:
      loose-envify: 1.4.0

  typescript@5.4.5: {}

  use-sync-external-store@1.2.0(react@18.3.0):
    dependencies:
      react: 18.3.0

  viem@1.21.4(typescript@5.4.5):
    dependencies:
      '@adraffy/ens-normalize': 1.10.0
      '@noble/curves': 1.2.0
      '@noble/hashes': 1.3.2
      '@scure/bip32': 1.3.2
      '@scure/bip39': 1.2.1
      abitype: 0.9.8(typescript@5.4.5)
      isows: 1.0.3(ws@8.13.0)
      ws: 8.13.0
    optionalDependencies:
      typescript: 5.4.5
    transitivePeerDependencies:
      - bufferutil
      - utf-8-validate
      - zod

  viem@2.9.27(typescript@5.4.5):
    dependencies:
      '@adraffy/ens-normalize': 1.10.0
      '@noble/curves': 1.2.0
      '@noble/hashes': 1.3.2
      '@scure/bip32': 1.3.2
      '@scure/bip39': 1.2.1
      abitype: 1.0.0(typescript@5.4.5)
      isows: 1.0.3(ws@8.13.0)
      ws: 8.13.0
    optionalDependencies:
      typescript: 5.4.5
    transitivePeerDependencies:
      - bufferutil
      - utf-8-validate
      - zod

  ws@8.13.0: {}

  zustand@4.4.1(react@18.3.0):
    dependencies:
      use-sync-external-store: 1.2.0(react@18.3.0)
    optionalDependencies:
      react: 18.3.0
